# Windows x64 CPython 3.13 wheels. Regenerate/review for another runtime.
charset_normalizer==3.5.1 --hash=sha256:aea996a6aba25260827c9ea511d1addfde2da9eb686ac961838509086188b7e6
pillow==12.3.0 --hash=sha256:1cca606cd25738df4ed873d5ad46bbdb3d83b5cbca291f6b4ff13a4df6b0bbe8
pypdf==6.19.0 --hash=sha256:7e5d6e730e7dae87d560a2cee218b852f6498c8be61966f3cd02ead971e48d14
pypdfium2==5.13.0 --hash=sha256:47dcca2a8d507b5fd24f94c3c9d48fb379430f097bc20f01beff6c963ffbcedb
pyside6==6.11.2 --hash=sha256:3201d67e3c10be2eaedd3910ff0f02351eca7e88c95a291cde5e7f2f55ef207f
pyside6_addons==6.11.2 --hash=sha256:f449ea4431da20e7b86752cca8d166f93434516fe417f981c27e5f8e1b554407
pyside6_essentials==6.11.2 --hash=sha256:c8a29def77032773a30879f7f24415b5395ad08592d147c170824ef4c735dfc1
python_barcode==0.16.1 --hash=sha256:5776567478c9a0dae473374bb86631ba0b5ea99aaf302763b364e367ac51f367
reportlab==5.0.1 --hash=sha256:1c36e6bb0e71780c72331eba60da7f602e8d4389a8723825af71342e49d791e8
shiboken6==6.11.2 --hash=sha256:6ab0eba1c904455df621f9a6df3ca2bb896bab8670572d2bc4e37804ae91f19a
zxing_cpp==3.1.1 --hash=sha256:29f98a91148171460b47a942d137ecc90c4b8097636f23cca65263a56bb025d3
